// !$*UTF8*$!
{
	archiveVersion = 1;
	classes = {
	};
	objectVersion = 55;
	objects = {

/* Begin PBXBuildFile section */
		1AAA83CF28BE1E3900645A47 /* NetworkInterchangableApp.swift in Sources */ = {isa = PBXBuildFile; fileRef = 1AAA83CE28BE1E3900645A47 /* NetworkInterchangableApp.swift */; };
		1AAA83D128BE1E3900645A47 /* ContentView.swift in Sources */ = {isa = PBXBuildFile; fileRef = 1AAA83D028BE1E3900645A47 /* ContentView.swift */; };
		1AAA83D328BE1E3B00645A47 /* Assets.xcassets in Resources */ = {isa = PBXBuildFile; fileRef = 1AAA83D228BE1E3B00645A47 /* Assets.xcassets */; };
		1AAA83D628BE1E3B00645A47 /* Preview Assets.xcassets in Resources */ = {isa = PBXBuildFile; fileRef = 1AAA83D528BE1E3B00645A47 /* Preview Assets.xcassets */; };
		1AAA83E028BE1EB100645A47 /* Model.swift in Sources */ = {isa = PBXBuildFile; fileRef = 1AAA83DF28BE1EB100645A47 /* Model.swift */; };
		1AAA83E228BE1EBF00645A47 /* Webservice.swift in Sources */ = {isa = PBXBuildFile; fileRef = 1AAA83E128BE1EBF00645A47 /* Webservice.swift */; };
		1AAA83E428BE228300645A47 /* UserViewModel.swift in Sources */ = {isa = PBXBuildFile; fileRef = 1AAA83E328BE228300645A47 /* UserViewModel.swift */; };
		1AAA83E728BE23B600645A47 /* Constants.swift in Sources */ = {isa = PBXBuildFile; fileRef = 1AAA83E628BE23B600645A47 /* Constants.swift */; };
		1AAA83E928BE4C2600645A47 /* users.json in Resources */ = {isa = PBXBuildFile; fileRef = 1AAA83E828BE4C2600645A47 /* users.json */; };
		1AAA83EB28BE4C5A00645A47 /* Localservice.swift in Sources */ = {isa = PBXBuildFile; fileRef = 1AAA83EA28BE4C5A00645A47 /* Localservice.swift */; };
		1AAA83ED28BE4E4F00645A47 /* NetworkService.swift in Sources */ = {isa = PBXBuildFile; fileRef = 1AAA83EC28BE4E4F00645A47 /* NetworkService.swift */; };
/* End PBXBuildFile section */

/* Begin PBXFileReference section */
		1AAA83CB28BE1E3900645A47 /* NetworkInterchangable.app */ = {isa = PBXFileReference; explicitFileType = wrapper.application; includeInIndex = 0; path = NetworkInterchangable.app; sourceTree = BUILT_PRODUCTS_DIR; };
		1AAA83CE28BE1E3900645A47 /* NetworkInterchangableApp.swift */ = {isa = PBXFileReference; lastKnownFileType = sourcecode.swift; path = NetworkInterchangableApp.swift; sourceTree = "<group>"; };
		1AAA83D028BE1E3900645A47 /* ContentView.swift */ = {isa = PBXFileReference; lastKnownFileType = sourcecode.swift; path = ContentView.swift; sourceTree = "<group>"; };
		1AAA83D228BE1E3B00645A47 /* Assets.xcassets */ = {isa = PBXFileReference; lastKnownFileType = folder.assetcatalog; path = Assets.xcassets; sourceTree = "<group>"; };
		1AAA83D528BE1E3B00645A47 /* Preview Assets.xcassets */ = {isa = PBXFileReference; lastKnownFileType = folder.assetcatalog; path = "Preview Assets.xcassets"; sourceTree = "<group>"; };
		1AAA83DF28BE1EB100645A47 /* Model.swift */ = {isa = PBXFileReference; lastKnownFileType = sourcecode.swift; path = Model.swift; sourceTree = "<group>"; };
		1AAA83E128BE1EBF00645A47 /* Webservice.swift */ = {isa = PBXFileReference; lastKnownFileType = sourcecode.swift; path = Webservice.swift; sourceTree = "<group>"; };
		1AAA83E328BE228300645A47 /* UserViewModel.swift */ = {isa = PBXFileReference; lastKnownFileType = sourcecode.swift; path = UserViewModel.swift; sourceTree = "<group>"; };
		1AAA83E628BE23B600645A47 /* Constants.swift */ = {isa = PBXFileReference; lastKnownFileType = sourcecode.swift; path = Constants.swift; sourceTree = "<group>"; };
		1AAA83E828BE4C2600645A47 /* users.json */ = {isa = PBXFileReference; fileEncoding = 4; lastKnownFileType = text.json; path = users.json; sourceTree = "<group>"; };
		1AAA83EA28BE4C5A00645A47 /* Localservice.swift */ = {isa = PBXFileReference; lastKnownFileType = sourcecode.swift; path = Localservice.swift; sourceTree = "<group>"; };
		1AAA83EC28BE4E4F00645A47 /* NetworkService.swift */ = {isa = PBXFileReference; lastKnownFileType = sourcecode.swift; path = NetworkService.swift; sourceTree = "<group>"; };
/* End PBXFileReference section */

/* Begin PBXFrameworksBuildPhase section */
		1AAA83C828BE1E3900645A47 /* Frameworks */ = {
			isa = PBXFrameworksBuildPhase;
			buildActionMask = 2147483647;
			files = (
			);
			runOnlyForDeploymentPostprocessing = 0;
		};
/* End PBXFrameworksBuildPhase section */

/* Begin PBXGroup section */
		1AAA83C228BE1E3800645A47 = {
			isa = PBXGroup;
			children = (
				1AAA83E828BE4C2600645A47 /* users.json */,
				1AAA83E528BE239500645A47 /* Constanrs */,
				1AAA83DE28BE1E9D00645A47 /* ViewModel */,
				1AAA83DD28BE1E9300645A47 /* Service */,
				1AAA83DC28BE1E8D00645A47 /* Model */,
				1AAA83CD28BE1E3900645A47 /* NetworkInterchangable */,
				1AAA83CC28BE1E3900645A47 /* Products */,
			);
			sourceTree = "<group>";
		};
		1AAA83CC28BE1E3900645A47 /* Products */ = {
			isa = PBXGroup;
			children = (
				1AAA83CB28BE1E3900645A47 /* NetworkInterchangable.app */,
			);
			name = Products;
			sourceTree = "<group>";
		};
		1AAA83CD28BE1E3900645A47 /* NetworkInterchangable */ = {
			isa = PBXGroup;
			children = (
				1AAA83CE28BE1E3900645A47 /* NetworkInterchangableApp.swift */,
				1AAA83D028BE1E3900645A47 /* ContentView.swift */,
				1AAA83D228BE1E3B00645A47 /* Assets.xcassets */,
				1AAA83D428BE1E3B00645A47 /* Preview Content */,
			);
			path = NetworkInterchangable;
			sourceTree = "<group>";
		};
		1AAA83D428BE1E3B00645A47 /* Preview Content */ = {
			isa = PBXGroup;
			children = (
				1AAA83D528BE1E3B00645A47 /* Preview Assets.xcassets */,
			);
			path = "Preview Content";
			sourceTree = "<group>";
		};
		1AAA83DC28BE1E8D00645A47 /* Model */ = {
			isa = PBXGroup;
			children = (
				1AAA83DF28BE1EB100645A47 /* Model.swift */,
			);
			path = Model;
			sourceTree = "<group>";
		};
		1AAA83DD28BE1E9300645A47 /* Service */ = {
			isa = PBXGroup;
			children = (
				1AAA83E128BE1EBF00645A47 /* Webservice.swift */,
				1AAA83EA28BE4C5A00645A47 /* Localservice.swift */,
				1AAA83EC28BE4E4F00645A47 /* NetworkService.swift */,
			);
			path = Service;
			sourceTree = "<group>";
		};
		1AAA83DE28BE1E9D00645A47 /* ViewModel */ = {
			isa = PBXGroup;
			children = (
				1AAA83E328BE228300645A47 /* UserViewModel.swift */,
			);
			path = ViewModel;
			sourceTree = "<group>";
		};
		1AAA83E528BE239500645A47 /* Constanrs */ = {
			isa = PBXGroup;
			children = (
				1AAA83E628BE23B600645A47 /* Constants.swift */,
			);
			path = Constanrs;
			sourceTree = "<group>";
		};
/* End PBXGroup section */

/* Begin PBXNativeTarget section */
		1AAA83CA28BE1E3900645A47 /* NetworkInterchangable */ = {
			isa = PBXNativeTarget;
			buildConfigurationList = 1AAA83D928BE1E3B00645A47 /* Build configuration list for PBXNativeTarget "NetworkInterchangable" */;
			buildPhases = (
				1AAA83C728BE1E3900645A47 /* Sources */,
				1AAA83C828BE1E3900645A47 /* Frameworks */,
				1AAA83C928BE1E3900645A47 /* Resources */,
			);
			buildRules = (
			);
			dependencies = (
			);
			name = NetworkInterchangable;
			productName = NetworkInterchangable;
			productReference = 1AAA83CB28BE1E3900645A47 /* NetworkInterchangable.app */;
			productType = "com.apple.product-type.application";
		};
/* End PBXNativeTarget section */

/* Begin PBXProject section */
		1AAA83C328BE1E3800645A47 /* Project object */ = {
			isa = PBXProject;
			attributes = {
				BuildIndependentTargetsInParallel = 1;
				LastSwiftUpdateCheck = 1340;
				LastUpgradeCheck = 1340;
				TargetAttributes = {
					1AAA83CA28BE1E3900645A47 = {
						CreatedOnToolsVersion = 13.4.1;
					};
				};
			};
			buildConfigurationList = 1AAA83C628BE1E3800645A47 /* Build configuration list for PBXProject "NetworkInterchangable" */;
			compatibilityVersion = "Xcode 13.0";
			developmentRegion = en;
			hasScannedForEncodings = 0;
			knownRegions = (
				en,
				Base,
			);
			mainGroup = 1AAA83C228BE1E3800645A47;
			productRefGroup = 1AAA83CC28BE1E3900645A47 /* Products */;
			projectDirPath = "";
			projectRoot = "";
			targets = (
				1AAA83CA28BE1E3900645A47 /* NetworkInterchangable */,
			);
		};
/* End PBXProject section */

/* Begin PBXResourcesBuildPhase section */
		1AAA83C928BE1E3900645A47 /* Resources */ = {
			isa = PBXResourcesBuildPhase;
			buildActionMask = 2147483647;
			files = (
				1AAA83E928BE4C2600645A47 /* users.json in Resources */,
				1AAA83D628BE1E3B00645A47 /* Preview Assets.xcassets in Resources */,
				1AAA83D328BE1E3B00645A47 /* Assets.xcassets in Resources */,
			);
			runOnlyForDeploymentPostprocessing = 0;
		};
/* End PBXResourcesBuildPhase section */

/* Begin PBXSourcesBuildPhase section */
		1AAA83C728BE1E3900645A47 /* Sources */ = {
			isa = PBXSourcesBuildPhase;
			buildActionMask = 2147483647;
			files = (
				1AAA83EB28BE4C5A00645A47 /* Localservice.swift in Sources */,
				1AAA83E028BE1EB100645A47 /* Model.swift in Sources */,
				1AAA83ED28BE4E4F00645A47 /* NetworkService.swift in Sources */,
				1AAA83D128BE1E3900645A47 /* ContentView.swift in Sources */,
				1AAA83E228BE1EBF00645A47 /* Webservice.swift in Sources */,
				1AAA83E428BE228300645A47 /* UserViewModel.swift in Sources */,
				1AAA83CF28BE1E3900645A47 /* NetworkInterchangableApp.swift in Sources */,
				1AAA83E728BE23B600645A47 /* Constants.swift in Sources */,
			);
			runOnlyForDeploymentPostprocessing = 0;
		};
/* End PBXSourcesBuildPhase section */

/* Begin XCBuildConfiguration section */
		1AAA83D728BE1E3B00645A47 /* Debug */ = {
			isa = XCBuildConfiguration;
			buildSettings = {
				ALWAYS_SEARCH_USER_PATHS = NO;
				CLANG_ANALYZER_NONNULL = YES;
				CLANG_ANALYZER_NUMBER_OBJECT_CONVERSION = YES_AGGRESSIVE;
				CLANG_CXX_LANGUAGE_STANDARD = "gnu++17";
				CLANG_ENABLE_MODULES = YES;
				CLANG_ENABLE_OBJC_ARC = YES;
				CLANG_ENABLE_OBJC_WEAK = YES;
				CLANG_WARN_BLOCK_CAPTURE_AUTORELEASING = YES;
				CLANG_WARN_BOOL_CONVERSION = YES;
				CLANG_WARN_COMMA = YES;
				CLANG_WARN_CONSTANT_CONVERSION = YES;
				CLANG_WARN_DEPRECATED_OBJC_IMPLEMENTATIONS = YES;
				CLANG_WARN_DIRECT_OBJC_ISA_USAGE = YES_ERROR;
				CLANG_WARN_DOCUMENTATION_COMMENTS = YES;
				CLANG_WARN_EMPTY_BODY = YES;
				CLANG_WARN_ENUM_CONVERSION = YES;
				CLANG_WARN_INFINITE_RECURSION = YES;
				CLANG_WARN_INT_CONVERSION = YES;
				CLANG_WARN_NON_LITERAL_NULL_CONVERSION = YES;
				CLANG_WARN_OBJC_IMPLICIT_RETAIN_SELF = YES;
				CLANG_WARN_OBJC_LITERAL_CONVERSION = YES;
				CLANG_WARN_OBJC_ROOT_CLASS = YES_ERROR;
				CLANG_WARN_QUOTED_INCLUDE_IN_FRAMEWORK_HEADER = YES;
				CLANG_WARN_RANGE_LOOP_ANALYSIS = YES;
				CLANG_WARN_STRICT_PROTOTYPES = YES;
				CLANG_WARN_SUSPICIOUS_MOVE = YES;
				CLANG_WARN_UNGUARDED_AVAILABILITY = YES_AGGRESSIVE;
				CLANG_WARN_UNREACHABLE_CODE = YES;
				CLANG_WARN__DUPLICATE_METHOD_MATCH = YES;
				COPY_PHASE_STRIP = NO;
				DEBUG_INFORMATION_FORMAT = dwarf;
				ENABLE_STRICT_OBJC_MSGSEND = YES;
				ENABLE_TESTABILITY = YES;
				GCC_C_LANGUAGE_STANDARD = gnu11;
				GCC_DYNAMIC_NO_PIC = NO;
				GCC_NO_COMMON_BLOCKS = YES;
				GCC_OPTIMIZATION_LEVEL = 0;
				GCC_PREPROCESSOR_DEFINITIONS = (
					"DEBUG=1",
					"$(inherited)",
				);
				GCC_WARN_64_TO_32_BIT_CONVERSION = YES;
				GCC_WARN_ABOUT_RETURN_TYPE = YES_ERROR;
				GCC_WARN_UNDECLARED_SELECTOR = YES;
				GCC_WARN_UNINITIALIZED_AUTOS = YES_AGGRESSIVE;
				GCC_WARN_UNUSED_FUNCTION = YES;
				GCC_WARN_UNUSED_VARIABLE = YES;
				IPHONEOS_DEPLOYMENT_TARGET = 15.5;
				MTL_ENABLE_DEBUG_INFO = INCLUDE_SOURCE;
				MTL_FAST_MATH = YES;
				ONLY_ACTIVE_ARCH = YES;
				SDKROOT = iphoneos;
				SWIFT_ACTIVE_COMPILATION_CONDITIONS = DEBUG;
				SWIFT_OPTIMIZATION_LEVEL = "-Onone";
			};
			name = Debug;
		};
		1AAA83D828BE1E3B00645A47 /* Release */ = {
			isa = XCBuildConfiguration;
			buildSettings = {
				ALWAYS_SEARCH_USER_PATHS = NO;
				CLANG_ANALYZER_NONNULL = YES;
				CLANG_ANALYZER_NUMBER_OBJECT_CONVERSION = YES_AGGRESSIVE;
				CLANG_CXX_LANGUAGE_STANDARD = "gnu++17";
				CLANG_ENABLE_MODULES = YES;
				CLANG_ENABLE_OBJC_ARC = YES;
				CLANG_ENABLE_OBJC_WEAK = YES;
				CLANG_WARN_BLOCK_CAPTURE_AUTORELEASING = YES;
				CLANG_WARN_BOOL_CONVERSION = YES;
				CLANG_WARN_COMMA = YES;
				CLANG_WARN_CONSTANT_CONVERSION = YES;
				CLANG_WARN_DEPRECATED_OBJC_IMPLEMENTATIONS = YES;
				CLANG_WARN_DIRECT_OBJC_ISA_USAGE = YES_ERROR;
				CLANG_WARN_DOCUMENTATION_COMMENTS = YES;
				CLANG_WARN_EMPTY_BODY = YES;
				CLANG_WARN_ENUM_CONVERSION = YES;
				CLANG_WARN_INFINITE_RECURSION = YES;
				CLANG_WARN_INT_CONVERSION = YES;
				CLANG_WARN_NON_LITERAL_NULL_CONVERSION = YES;
				CLANG_WARN_OBJC_IMPLICIT_RETAIN_SELF = YES;
				CLANG_WARN_OBJC_LITERAL_CONVERSION = YES;
				CLANG_WARN_OBJC_ROOT_CLASS = YES_ERROR;
				CLANG_WARN_QUOTED_INCLUDE_IN_FRAMEWORK_HEADER = YES;
				CLANG_WARN_RANGE_LOOP_ANALYSIS = YES;
				CLANG_WARN_STRICT_PROTOTYPES = YES;
				CLANG_WARN_SUSPICIOUS_MOVE = YES;
				CLANG_WARN_UNGUARDED_AVAILABILITY = YES_AGGRESSIVE;
				CLANG_WARN_UNREACHABLE_CODE = YES;
				CLANG_WARN__DUPLICATE_METHOD_MATCH = YES;
				COPY_PHASE_STRIP = NO;
				DEBUG_INFORMATION_FORMAT = "dwarf-with-dsym";
				ENABLE_NS_ASSERTIONS = NO;
				ENABLE_STRICT_OBJC_MSGSEND = YES;
				GCC_C_LANGUAGE_STANDARD = gnu11;
				GCC_NO_COMMON_BLOCKS = YES;
				GCC_WARN_64_TO_32_BIT_CONVERSION = YES;
				GCC_WARN_ABOUT_RETURN_TYPE = YES_ERROR;
				GCC_WARN_UNDECLARED_SELECTOR = YES;
				GCC_WARN_UNINITIALIZED_AUTOS = YES_AGGRESSIVE;
				GCC_WARN_UNUSED_FUNCTION = YES;
				GCC_WARN_UNUSED_VARIABLE = YES;
				IPHONEOS_DEPLOYMENT_TARGET = 15.5;
				MTL_ENABLE_DEBUG_INFO = NO;
				MTL_FAST_MATH = YES;
				SDKROOT = iphoneos;
				SWIFT_COMPILATION_MODE = wholemodule;
				SWIFT_OPTIMIZATION_LEVEL = "-O";
				VALIDATE_PRODUCT = YES;
			};
			name = Release;
		};
		1AAA83DA28BE1E3B00645A47 /* Debug */ = {
			isa = XCBuildConfiguration;
			buildSettings = {
				ASSETCATALOG_COMPILER_APPICON_NAME = AppIcon;
				ASSETCATALOG_COMPILER_GLOBAL_ACCENT_COLOR_NAME = AccentColor;
				CODE_SIGN_STYLE = Automatic;
				CURRENT_PROJECT_VERSION = 1;
				DEVELOPMENT_ASSET_PATHS = "\"NetworkInterchangable/Preview Content\"";
				DEVELOPMENT_TEAM = L49ZU532QC;
				ENABLE_PREVIEWS = YES;
				GENERATE_INFOPLIST_FILE = YES;
				INFOPLIST_KEY_UIApplicationSceneManifest_Generation = YES;
				INFOPLIST_KEY_UIApplicationSupportsIndirectInputEvents = YES;
				INFOPLIST_KEY_UILaunchScreen_Generation = YES;
				INFOPLIST_KEY_UISupportedInterfaceOrientations_iPad = "UIInterfaceOrientationPortrait UIInterfaceOrientationPortraitUpsideDown UIInterfaceOrientationLandscapeLeft UIInterfaceOrientationLandscapeRight";
				INFOPLIST_KEY_UISupportedInterfaceOrientations_iPhone = "UIInterfaceOrientationPortrait UIInterfaceOrientationLandscapeLeft UIInterfaceOrientationLandscapeRight";
				LD_RUNPATH_SEARCH_PATHS = (
					"$(inherited)",
					"@executable_path/Frameworks",
				);
				MARKETING_VERSION = 1.0;
				PRODUCT_BUNDLE_IDENTIFIER = com.wasabi.NetworkInterchangable;
				PRODUCT_NAME = "$(TARGET_NAME)";
				SWIFT_EMIT_LOC_STRINGS = YES;
				SWIFT_VERSION = 5.0;
				TARGETED_DEVICE_FAMILY = "1,2";
			};
			name = Debug;
		};
		1AAA83DB28BE1E3B00645A47 /* Release */ = {
			isa = XCBuildConfiguration;
			buildSettings = {
				ASSETCATALOG_COMPILER_APPICON_NAME = AppIcon;
				ASSETCATALOG_COMPILER_GLOBAL_ACCENT_COLOR_NAME = AccentColor;
				CODE_SIGN_STYLE = Automatic;
				CURRENT_PROJECT_VERSION = 1;
				DEVELOPMENT_ASSET_PATHS = "\"NetworkInterchangable/Preview Content\"";
				DEVELOPMENT_TEAM = L49ZU532QC;
				ENABLE_PREVIEWS = YES;
				GENERATE_INFOPLIST_FILE = YES;
				INFOPLIST_KEY_UIApplicationSceneManifest_Generation = YES;
				INFOPLIST_KEY_UIApplicationSupportsIndirectInputEvents = YES;
				INFOPLIST_KEY_UILaunchScreen_Generation = YES;
				INFOPLIST_KEY_UISupportedInterfaceOrientations_iPad = "UIInterfaceOrientationPortrait UIInterfaceOrientationPortraitUpsideDown UIInterfaceOrientationLandscapeLeft UIInterfaceOrientationLandscapeRight";
				INFOPLIST_KEY_UISupportedInterfaceOrientations_iPhone = "UIInterfaceOrientationPortrait UIInterfaceOrientationLandscapeLeft UIInterfaceOrientationLandscapeRight";
				LD_RUNPATH_SEARCH_PATHS = (
					"$(inherited)",
					"@executable_path/Frameworks",
				);
				MARKETING_VERSION = 1.0;
				PRODUCT_BUNDLE_IDENTIFIER = com.wasabi.NetworkInterchangable;
				PRODUCT_NAME = "$(TARGET_NAME)";
				SWIFT_EMIT_LOC_STRINGS = YES;
				SWIFT_VERSION = 5.0;
				TARGETED_DEVICE_FAMILY = "1,2";
			};
			name = Release;
		};
/* End XCBuildConfiguration section */

/* Begin XCConfigurationList section */
		1AAA83C628BE1E3800645A47 /* Build configuration list for PBXProject "NetworkInterchangable" */ = {
			isa = XCConfigurationList;
			buildConfigurations = (
				1AAA83D728BE1E3B00645A47 /* Debug */,
				1AAA83D828BE1E3B00645A47 /* Release */,
			);
			defaultConfigurationIsVisible = 0;
			defaultConfigurationName = Release;
		};
		1AAA83D928BE1E3B00645A47 /* Build configuration list for PBXNativeTarget "NetworkInterchangable" */ = {
			isa = XCConfigurationList;
			buildConfigurations = (
				1AAA83DA28BE1E3B00645A47 /* Debug */,
				1AAA83DB28BE1E3B00645A47 /* Release */,
			);
			defaultConfigurationIsVisible = 0;
			defaultConfigurationName = Release;
		};
/* End XCConfigurationList section */
	};
	rootObject = 1AAA83C328BE1E3800645A47 /* Project object */;
}
